
Microsoft Visual Studio Solution File, Format Version 12.00
# Visual Studio Version 17
VisualStudioVersion = 17.6.33801.468
MinimumVisualStudioVersion = 10.0.40219.1
Project("{9A19103F-16F7-4668-BE54-9A1E7A4F7556}") = "RabbitMQ.Producer.API", "RabbitMQ.Producer.API\RabbitMQ.Producer.API.csproj", "{4F1EB07C-7B0B-4BB5-A6B9-8A94C08EE05F}"
EndProject
Project("{2150E333-8FDC-42A3-9474-1A3956D46DE8}") = "Producer", "Producer", "{576F1DD5-E823-4E09-9C3C-07B07EF5EB21}"
EndProject
Project("{2150E333-8FDC-42A3-9474-1A3956D46DE8}") = "Consumers", "Consumers", "{9EF51E05-2EF2-4A01-98BB-8D17F44D6E1D}"
EndProject
Project("{9A19103F-16F7-4668-BE54-9A1E7A4F7556}") = "RabbitMQ.Consumers.API", "RabbitMQ.Consumers.API\RabbitMQ.Consumers.API.csproj", "{0AAEDF8A-ACF1-4820-B418-0DCB4A95E55C}"
EndProject
Project("{2150E333-8FDC-42A3-9474-1A3956D46DE8}") = "Basic", "Basic", "{FCC76C58-5815-46AE-B250-350933997B2D}"
EndProject
Project("{2150E333-8FDC-42A3-9474-1A3956D46DE8}") = "RabbitMQ.Bus", "RabbitMQ.Bus", "{25557DBA-22D5-4EB9-BA4D-351CE039ACE1}"
EndProject
Project("{9A19103F-16F7-4668-BE54-9A1E7A4F7556}") = "Z.RabbitMQ.Bus", "Z.RabbitMQ.Bus\Z.RabbitMQ.Bus.csproj", "{109BB209-194A-46BB-8C78-0E7F69AD292C}"
EndProject
Project("{2150E333-8FDC-42A3-9474-1A3956D46DE8}") = "RabbitMQ.Domain", "RabbitMQ.Domain", "{BE449BCF-10E2-41B8-9D9F-A14A4997912F}"
EndProject
Project("{9A19103F-16F7-4668-BE54-9A1E7A4F7556}") = "Z.RabbitMQ.Domain.Core", "Z.RabbitMQ.Domain.Core\Z.RabbitMQ.Domain.Core.csproj", "{285B0155-17E4-43CD-BC0D-4AE26CE967DB}"
EndProject
Project("{2150E333-8FDC-42A3-9474-1A3956D46DE8}") = "RabbitMQ.Ioc", "RabbitMQ.Ioc", "{1C29B0F0-D4F4-4E75-8B74-D4F571214C79}"
EndProject
Project("{9A19103F-16F7-4668-BE54-9A1E7A4F7556}") = "Z.RabbitMQ.Ioc", "Z.RabbitMQ.Ioc\Z.RabbitMQ.Ioc.csproj", "{8F39F16D-B2FF-40F7-8BA3-86E52E84A5A1}"
EndProject
Project("{9A19103F-16F7-4668-BE54-9A1E7A4F7556}") = "Z.RabbitMQ.Consumers.Domain", "Z.RabbitMQ.Consumers.Domain\Z.RabbitMQ.Consumers.Domain.csproj", "{032F7244-7409-49D4-9E06-214CCC1AD66A}"
EndProject
Project("{9A19103F-16F7-4668-BE54-9A1E7A4F7556}") = "Z.RabbitMQ.Consumers.Data", "Z.RabbitMQ.Consumers.Data\Z.RabbitMQ.Consumers.Data.csproj", "{4A6F9572-DC72-40C5-B4B0-D31E08B702BC}"
EndProject
Project("{9A19103F-16F7-4668-BE54-9A1E7A4F7556}") = "Z.RabbitMQ.Consumers.Application", "Z.RabbitMQ.Consumers.Application\Z.RabbitMQ.Consumers.Application.csproj", "{73B3C450-7A32-421F-A957-51DDAD711862}"
EndProject
Project("{9A19103F-16F7-4668-BE54-9A1E7A4F7556}") = "Z.RabbitMQ.Producer.Domain", "Z.RabbitMQ.Producer.Domain\Z.RabbitMQ.Producer.Domain.csproj", "{2232618B-69A8-47EB-BB7C-DBC4D0EEE4E7}"
EndProject
Project("{9A19103F-16F7-4668-BE54-9A1E7A4F7556}") = "Z.RabbitMQ.Producer.Data", "Z.RabbitMQ.Producer.Data\Z.RabbitMQ.Producer.Data.csproj", "{85607A15-DE42-4C15-8962-15FCC74A4861}"
EndProject
Project("{9A19103F-16F7-4668-BE54-9A1E7A4F7556}") = "Z.RabbitMQ.Producer.Application", "Z.RabbitMQ.Producer.Application\Z.RabbitMQ.Producer.Application.csproj", "{BB3BA9C6-B49F-4DD0-A54F-A00470CA84A1}"
EndProject
Global
	GlobalSection(SolutionConfigurationPlatforms) = preSolution
		Debug|Any CPU = Debug|Any CPU
		Release|Any CPU = Release|Any CPU
	EndGlobalSection
	GlobalSection(ProjectConfigurationPlatforms) = postSolution
		{4F1EB07C-7B0B-4BB5-A6B9-8A94C08EE05F}.Debug|Any CPU.ActiveCfg = Debug|Any CPU
		{4F1EB07C-7B0B-4BB5-A6B9-8A94C08EE05F}.Debug|Any CPU.Build.0 = Debug|Any CPU
		{4F1EB07C-7B0B-4BB5-A6B9-8A94C08EE05F}.Release|Any CPU.ActiveCfg = Release|Any CPU
		{4F1EB07C-7B0B-4BB5-A6B9-8A94C08EE05F}.Release|Any CPU.Build.0 = Release|Any CPU
		{0AAEDF8A-ACF1-4820-B418-0DCB4A95E55C}.Debug|Any CPU.ActiveCfg = Debug|Any CPU
		{0AAEDF8A-ACF1-4820-B418-0DCB4A95E55C}.Debug|Any CPU.Build.0 = Debug|Any CPU
		{0AAEDF8A-ACF1-4820-B418-0DCB4A95E55C}.Release|Any CPU.ActiveCfg = Release|Any CPU
		{0AAEDF8A-ACF1-4820-B418-0DCB4A95E55C}.Release|Any CPU.Build.0 = Release|Any CPU
		{109BB209-194A-46BB-8C78-0E7F69AD292C}.Debug|Any CPU.ActiveCfg = Debug|Any CPU
		{109BB209-194A-46BB-8C78-0E7F69AD292C}.Debug|Any CPU.Build.0 = Debug|Any CPU
		{109BB209-194A-46BB-8C78-0E7F69AD292C}.Release|Any CPU.ActiveCfg = Release|Any CPU
		{109BB209-194A-46BB-8C78-0E7F69AD292C}.Release|Any CPU.Build.0 = Release|Any CPU
		{285B0155-17E4-43CD-BC0D-4AE26CE967DB}.Debug|Any CPU.ActiveCfg = Debug|Any CPU
		{285B0155-17E4-43CD-BC0D-4AE26CE967DB}.Debug|Any CPU.Build.0 = Debug|Any CPU
		{285B0155-17E4-43CD-BC0D-4AE26CE967DB}.Release|Any CPU.ActiveCfg = Release|Any CPU
		{285B0155-17E4-43CD-BC0D-4AE26CE967DB}.Release|Any CPU.Build.0 = Release|Any CPU
		{8F39F16D-B2FF-40F7-8BA3-86E52E84A5A1}.Debug|Any CPU.ActiveCfg = Debug|Any CPU
		{8F39F16D-B2FF-40F7-8BA3-86E52E84A5A1}.Debug|Any CPU.Build.0 = Debug|Any CPU
		{8F39F16D-B2FF-40F7-8BA3-86E52E84A5A1}.Release|Any CPU.ActiveCfg = Release|Any CPU
		{8F39F16D-B2FF-40F7-8BA3-86E52E84A5A1}.Release|Any CPU.Build.0 = Release|Any CPU
		{032F7244-7409-49D4-9E06-214CCC1AD66A}.Debug|Any CPU.ActiveCfg = Debug|Any CPU
		{032F7244-7409-49D4-9E06-214CCC1AD66A}.Debug|Any CPU.Build.0 = Debug|Any CPU
		{032F7244-7409-49D4-9E06-214CCC1AD66A}.Release|Any CPU.ActiveCfg = Release|Any CPU
		{032F7244-7409-49D4-9E06-214CCC1AD66A}.Release|Any CPU.Build.0 = Release|Any CPU
		{4A6F9572-DC72-40C5-B4B0-D31E08B702BC}.Debug|Any CPU.ActiveCfg = Debug|Any CPU
		{4A6F9572-DC72-40C5-B4B0-D31E08B702BC}.Debug|Any CPU.Build.0 = Debug|Any CPU
		{4A6F9572-DC72-40C5-B4B0-D31E08B702BC}.Release|Any CPU.ActiveCfg = Release|Any CPU
		{4A6F9572-DC72-40C5-B4B0-D31E08B702BC}.Release|Any CPU.Build.0 = Release|Any CPU
		{73B3C450-7A32-421F-A957-51DDAD711862}.Debug|Any CPU.ActiveCfg = Debug|Any CPU
		{73B3C450-7A32-421F-A957-51DDAD711862}.Debug|Any CPU.Build.0 = Debug|Any CPU
		{73B3C450-7A32-421F-A957-51DDAD711862}.Release|Any CPU.ActiveCfg = Release|Any CPU
		{73B3C450-7A32-421F-A957-51DDAD711862}.Release|Any CPU.Build.0 = Release|Any CPU
		{2232618B-69A8-47EB-BB7C-DBC4D0EEE4E7}.Debug|Any CPU.ActiveCfg = Debug|Any CPU
		{2232618B-69A8-47EB-BB7C-DBC4D0EEE4E7}.Debug|Any CPU.Build.0 = Debug|Any CPU
		{2232618B-69A8-47EB-BB7C-DBC4D0EEE4E7}.Release|Any CPU.ActiveCfg = Release|Any CPU
		{2232618B-69A8-47EB-BB7C-DBC4D0EEE4E7}.Release|Any CPU.Build.0 = Release|Any CPU
		{85607A15-DE42-4C15-8962-15FCC74A4861}.Debug|Any CPU.ActiveCfg = Debug|Any CPU
		{85607A15-DE42-4C15-8962-15FCC74A4861}.Debug|Any CPU.Build.0 = Debug|Any CPU
		{85607A15-DE42-4C15-8962-15FCC74A4861}.Release|Any CPU.ActiveCfg = Release|Any CPU
		{85607A15-DE42-4C15-8962-15FCC74A4861}.Release|Any CPU.Build.0 = Release|Any CPU
		{BB3BA9C6-B49F-4DD0-A54F-A00470CA84A1}.Debug|Any CPU.ActiveCfg = Debug|Any CPU
		{BB3BA9C6-B49F-4DD0-A54F-A00470CA84A1}.Debug|Any CPU.Build.0 = Debug|Any CPU
		{BB3BA9C6-B49F-4DD0-A54F-A00470CA84A1}.Release|Any CPU.ActiveCfg = Release|Any CPU
		{BB3BA9C6-B49F-4DD0-A54F-A00470CA84A1}.Release|Any CPU.Build.0 = Release|Any CPU
	EndGlobalSection
	GlobalSection(SolutionProperties) = preSolution
		HideSolutionNode = FALSE
	EndGlobalSection
	GlobalSection(NestedProjects) = preSolution
		{4F1EB07C-7B0B-4BB5-A6B9-8A94C08EE05F} = {576F1DD5-E823-4E09-9C3C-07B07EF5EB21}
		{0AAEDF8A-ACF1-4820-B418-0DCB4A95E55C} = {9EF51E05-2EF2-4A01-98BB-8D17F44D6E1D}
		{25557DBA-22D5-4EB9-BA4D-351CE039ACE1} = {FCC76C58-5815-46AE-B250-350933997B2D}
		{109BB209-194A-46BB-8C78-0E7F69AD292C} = {25557DBA-22D5-4EB9-BA4D-351CE039ACE1}
		{BE449BCF-10E2-41B8-9D9F-A14A4997912F} = {FCC76C58-5815-46AE-B250-350933997B2D}
		{285B0155-17E4-43CD-BC0D-4AE26CE967DB} = {BE449BCF-10E2-41B8-9D9F-A14A4997912F}
		{1C29B0F0-D4F4-4E75-8B74-D4F571214C79} = {FCC76C58-5815-46AE-B250-350933997B2D}
		{8F39F16D-B2FF-40F7-8BA3-86E52E84A5A1} = {1C29B0F0-D4F4-4E75-8B74-D4F571214C79}
		{032F7244-7409-49D4-9E06-214CCC1AD66A} = {9EF51E05-2EF2-4A01-98BB-8D17F44D6E1D}
		{4A6F9572-DC72-40C5-B4B0-D31E08B702BC} = {9EF51E05-2EF2-4A01-98BB-8D17F44D6E1D}
		{73B3C450-7A32-421F-A957-51DDAD711862} = {9EF51E05-2EF2-4A01-98BB-8D17F44D6E1D}
		{2232618B-69A8-47EB-BB7C-DBC4D0EEE4E7} = {576F1DD5-E823-4E09-9C3C-07B07EF5EB21}
		{85607A15-DE42-4C15-8962-15FCC74A4861} = {576F1DD5-E823-4E09-9C3C-07B07EF5EB21}
		{BB3BA9C6-B49F-4DD0-A54F-A00470CA84A1} = {576F1DD5-E823-4E09-9C3C-07B07EF5EB21}
	EndGlobalSection
	GlobalSection(ExtensibilityGlobals) = postSolution
		SolutionGuid = {E14AFD59-3B4E-4CEA-9AC1-8FDD527ADCED}
	EndGlobalSection
EndGlobal
